
Microsoft Visual Studio Solution File, Format Version 12.00
# Visual Studio Version 16
VisualStudioVersion = 16.0.30517.126
MinimumVisualStudioVersion = 10.0.40219.1
Project("{FAE04EC0-301F-11D3-BF4B-00C04F79EFBC}") = "AwesomeApp.Android", "AwesomeApp\AwesomeApp.Android\AwesomeApp.Android.csproj", "{4345B781-898E-4745-AA50-F7D669B32BA5}"
EndProject
Project("{FAE04EC0-301F-11D3-BF4B-00C04F79EFBC}") = "AwesomeApp.iOS", "AwesomeApp\AwesomeApp.iOS\AwesomeApp.iOS.csproj", "{7E2C3026-5176-438D-A0BA-735BAC3E58D3}"
EndProject
Project("{FAE04EC0-301F-11D3-BF4B-00C04F79EFBC}") = "AwesomeApp", "AwesomeApp\AwesomeApp\AwesomeApp.csproj", "{2FAACB87-AE88-4A6A-BC1E-310E57EAC37B}"
EndProject
Global
	GlobalSection(SolutionConfigurationPlatforms) = preSolution
		Debug|Any CPU = Debug|Any CPU
		Debug|iPhone = Debug|iPhone
		Debug|iPhoneSimulator = Debug|iPhoneSimulator
		Release|Any CPU = Release|Any CPU
		Release|iPhone = Release|iPhone
		Release|iPhoneSimulator = Release|iPhoneSimulator
	EndGlobalSection
	GlobalSection(ProjectConfigurationPlatforms) = postSolution
		{4345B781-898E-4745-AA50-F7D669B32BA5}.Debug|Any CPU.ActiveCfg = Debug|Any CPU
		{4345B781-898E-4745-AA50-F7D669B32BA5}.Debug|Any CPU.Build.0 = Debug|Any CPU
		{4345B781-898E-4745-AA50-F7D669B32BA5}.Debug|Any CPU.Deploy.0 = Debug|Any CPU
		{4345B781-898E-4745-AA50-F7D669B32BA5}.Debug|iPhone.ActiveCfg = Debug|Any CPU
		{4345B781-898E-4745-AA50-F7D669B32BA5}.Debug|iPhone.Build.0 = Debug|Any CPU
		{4345B781-898E-4745-AA50-F7D669B32BA5}.Debug|iPhone.Deploy.0 = Debug|Any CPU
		{4345B781-898E-4745-AA50-F7D669B32BA5}.Debug|iPhoneSimulator.ActiveCfg = Debug|Any CPU
		{4345B781-898E-4745-AA50-F7D669B32BA5}.Debug|iPhoneSimulator.Build.0 = Debug|Any CPU
		{4345B781-898E-4745-AA50-F7D669B32BA5}.Debug|iPhoneSimulator.Deploy.0 = Debug|Any CPU
		{4345B781-898E-4745-AA50-F7D669B32BA5}.Release|Any CPU.ActiveCfg = Release|Any CPU
		{4345B781-898E-4745-AA50-F7D669B32BA5}.Release|Any CPU.Build.0 = Release|Any CPU
		{4345B781-898E-4745-AA50-F7D669B32BA5}.Release|Any CPU.Deploy.0 = Release|Any CPU
		{4345B781-898E-4745-AA50-F7D669B32BA5}.Release|iPhone.ActiveCfg = Release|Any CPU
		{4345B781-898E-4745-AA50-F7D669B32BA5}.Release|iPhone.Build.0 = Release|Any CPU
		{4345B781-898E-4745-AA50-F7D669B32BA5}.Release|iPhone.Deploy.0 = Release|Any CPU
		{4345B781-898E-4745-AA50-F7D669B32BA5}.Release|iPhoneSimulator.ActiveCfg = Release|Any CPU
		{4345B781-898E-4745-AA50-F7D669B32BA5}.Release|iPhoneSimulator.Build.0 = Release|Any CPU
		{4345B781-898E-4745-AA50-F7D669B32BA5}.Release|iPhoneSimulator.Deploy.0 = Release|Any CPU
		{7E2C3026-5176-438D-A0BA-735BAC3E58D3}.Debug|Any CPU.ActiveCfg = Debug|iPhone
		{7E2C3026-5176-438D-A0BA-735BAC3E58D3}.Debug|Any CPU.Build.0 = Debug|iPhone
		{7E2C3026-5176-438D-A0BA-735BAC3E58D3}.Debug|Any CPU.Deploy.0 = Debug|iPhone
		{7E2C3026-5176-438D-A0BA-735BAC3E58D3}.Debug|iPhone.ActiveCfg = Debug|iPhone
		{7E2C3026-5176-438D-A0BA-735BAC3E58D3}.Debug|iPhone.Build.0 = Debug|iPhone
		{7E2C3026-5176-438D-A0BA-735BAC3E58D3}.Debug|iPhone.Deploy.0 = Debug|iPhone
		{7E2C3026-5176-438D-A0BA-735BAC3E58D3}.Debug|iPhoneSimulator.ActiveCfg = Debug|iPhoneSimulator
		{7E2C3026-5176-438D-A0BA-735BAC3E58D3}.Debug|iPhoneSimulator.Build.0 = Debug|iPhoneSimulator
		{7E2C3026-5176-438D-A0BA-735BAC3E58D3}.Debug|iPhoneSimulator.Deploy.0 = Debug|iPhoneSimulator
		{7E2C3026-5176-438D-A0BA-735BAC3E58D3}.Release|Any CPU.ActiveCfg = Release|iPhoneSimulator
		{7E2C3026-5176-438D-A0BA-735BAC3E58D3}.Release|Any CPU.Build.0 = Release|iPhoneSimulator
		{7E2C3026-5176-438D-A0BA-735BAC3E58D3}.Release|Any CPU.Deploy.0 = Release|iPhoneSimulator
		{7E2C3026-5176-438D-A0BA-735BAC3E58D3}.Release|iPhone.ActiveCfg = Release|iPhone
		{7E2C3026-5176-438D-A0BA-735BAC3E58D3}.Release|iPhone.Build.0 = Release|iPhone
		{7E2C3026-5176-438D-A0BA-735BAC3E58D3}.Release|iPhone.Deploy.0 = Release|iPhone
		{7E2C3026-5176-438D-A0BA-735BAC3E58D3}.Release|iPhoneSimulator.ActiveCfg = Release|iPhoneSimulator
		{7E2C3026-5176-438D-A0BA-735BAC3E58D3}.Release|iPhoneSimulator.Build.0 = Release|iPhoneSimulator
		{7E2C3026-5176-438D-A0BA-735BAC3E58D3}.Release|iPhoneSimulator.Deploy.0 = Release|iPhoneSimulator
		{2FAACB87-AE88-4A6A-BC1E-310E57EAC37B}.Debug|Any CPU.ActiveCfg = Debug|Any CPU
		{2FAACB87-AE88-4A6A-BC1E-310E57EAC37B}.Debug|Any CPU.Build.0 = Debug|Any CPU
		{2FAACB87-AE88-4A6A-BC1E-310E57EAC37B}.Debug|Any CPU.Deploy.0 = Debug|Any CPU
		{2FAACB87-AE88-4A6A-BC1E-310E57EAC37B}.Debug|iPhone.ActiveCfg = Debug|Any CPU
		{2FAACB87-AE88-4A6A-BC1E-310E57EAC37B}.Debug|iPhone.Build.0 = Debug|Any CPU
		{2FAACB87-AE88-4A6A-BC1E-310E57EAC37B}.Debug|iPhone.Deploy.0 = Debug|Any CPU
		{2FAACB87-AE88-4A6A-BC1E-310E57EAC37B}.Debug|iPhoneSimulator.ActiveCfg = Debug|Any CPU
		{2FAACB87-AE88-4A6A-BC1E-310E57EAC37B}.Debug|iPhoneSimulator.Build.0 = Debug|Any CPU
		{2FAACB87-AE88-4A6A-BC1E-310E57EAC37B}.Debug|iPhoneSimulator.Deploy.0 = Debug|Any CPU
		{2FAACB87-AE88-4A6A-BC1E-310E57EAC37B}.Release|Any CPU.ActiveCfg = Release|Any CPU
		{2FAACB87-AE88-4A6A-BC1E-310E57EAC37B}.Release|Any CPU.Build.0 = Release|Any CPU
		{2FAACB87-AE88-4A6A-BC1E-310E57EAC37B}.Release|Any CPU.Deploy.0 = Release|Any CPU
		{2FAACB87-AE88-4A6A-BC1E-310E57EAC37B}.Release|iPhone.ActiveCfg = Release|Any CPU
		{2FAACB87-AE88-4A6A-BC1E-310E57EAC37B}.Release|iPhone.Build.0 = Release|Any CPU
		{2FAACB87-AE88-4A6A-BC1E-310E57EAC37B}.Release|iPhone.Deploy.0 = Release|Any CPU
		{2FAACB87-AE88-4A6A-BC1E-310E57EAC37B}.Release|iPhoneSimulator.ActiveCfg = Release|Any CPU
		{2FAACB87-AE88-4A6A-BC1E-310E57EAC37B}.Release|iPhoneSimulator.Build.0 = Release|Any CPU
		{2FAACB87-AE88-4A6A-BC1E-310E57EAC37B}.Release|iPhoneSimulator.Deploy.0 = Release|Any CPU
	EndGlobalSection
	GlobalSection(SolutionProperties) = preSolution
		HideSolutionNode = FALSE
	EndGlobalSection
	GlobalSection(ExtensibilityGlobals) = postSolution
		SolutionGuid = {8450A951-5318-4268-9D61-05998F9591D6}
	EndGlobalSection
EndGlobal
